
Microsoft Visual Studio Solution File, Format Version 12.00
# Visual Studio Version 17
VisualStudioVersion = 17.14.36414.22 d17.14
MinimumVisualStudioVersion = 10.0.40219.1
Project("{FAE04EC0-301F-11D3-BF4B-00C04F79EFBC}") = "MyFirstProject", "MyFirstProject\MyFirstProject.csproj", "{3ACEAA31-B2C6-41D3-8A98-7ED2830DFFAE}"
EndProject
Global
	GlobalSection(SolutionConfigurationPlatforms) = preSolution
		Debug|Any CPU = Debug|Any CPU
		Release|Any CPU = Release|Any CPU
	EndGlobalSection
	GlobalSection(ProjectConfigurationPlatforms) = postSolution
		{3ACEAA31-B2C6-41D3-8A98-7ED2830DFFAE}.Debug|Any CPU.ActiveCfg = Debug|Any CPU
		{3ACEAA31-B2C6-41D3-8A98-7ED2830DFFAE}.Debug|Any CPU.Build.0 = Debug|Any CPU
		{3ACEAA31-B2C6-41D3-8A98-7ED2830DFFAE}.Release|Any CPU.ActiveCfg = Release|Any CPU
		{3ACEAA31-B2C6-41D3-8A98-7ED2830DFFAE}.Release|Any CPU.Build.0 = Release|Any CPU
	EndGlobalSection
	GlobalSection(SolutionProperties) = preSolution
		HideSolutionNode = FALSE
	EndGlobalSection
	GlobalSection(ExtensibilityGlobals) = postSolution
		SolutionGuid = {B6A32994-7DFA-4441-92EF-A85502C11244}
	EndGlobalSection
EndGlobal
